// !$*UTF8*$!
{
	archiveVersion = 1;
	classes = {
	};
	objectVersion = 55;
	objects = {

/* Begin PBXBuildFile section */
		251D15D128190DAF00F41785 /* GoogleService-Info.plist in Resources */ = {isa = PBXBuildFile; fileRef = 251D15D028190DAF00F41785 /* GoogleService-Info.plist */; };
		256CA09D2822193900B1B847 /* FirebaseAuth in Frameworks */ = {isa = PBXBuildFile; productRef = 256CA09C2822193900B1B847 /* FirebaseAuth */; };
		256CA09F2822193900B1B847 /* FirebaseFirestore in Frameworks */ = {isa = PBXBuildFile; productRef = 256CA09E2822193900B1B847 /* FirebaseFirestore */; };
		256CA0A12822193900B1B847 /* FirebaseFirestoreSwift-Beta in Frameworks */ = {isa = PBXBuildFile; productRef = 256CA0A02822193900B1B847 /* FirebaseFirestoreSwift-Beta */; };
		256CA0A428221B9C00B1B847 /* DatabaseProtocol.swift in Sources */ = {isa = PBXBuildFile; fileRef = 256CA0A328221B9C00B1B847 /* DatabaseProtocol.swift */; };
		256CA0A628221BC000B1B847 /* FirebaseController.swift in Sources */ = {isa = PBXBuildFile; fileRef = 256CA0A528221BC000B1B847 /* FirebaseController.swift */; };
		256CA0A82822375400B1B847 /* MyPrompt.swift in Sources */ = {isa = PBXBuildFile; fileRef = 256CA0A72822375300B1B847 /* MyPrompt.swift */; };
		256CA0AA28223AF300B1B847 /* FavouritePrompt.swift in Sources */ = {isa = PBXBuildFile; fileRef = 256CA0A928223AF300B1B847 /* FavouritePrompt.swift */; };
		256CA0AC28223B8D00B1B847 /* Story.swift in Sources */ = {isa = PBXBuildFile; fileRef = 256CA0AB28223B8D00B1B847 /* Story.swift */; };
		257B85642834005700C074F2 /* WelcomeScreenViewController.swift in Sources */ = {isa = PBXBuildFile; fileRef = 257B85632834005700C074F2 /* WelcomeScreenViewController.swift */; };
		257B85662834006900C074F2 /* LoginViewController.swift in Sources */ = {isa = PBXBuildFile; fileRef = 257B85652834006900C074F2 /* LoginViewController.swift */; };
		257B85682834007C00C074F2 /* SignupViewController.swift in Sources */ = {isa = PBXBuildFile; fileRef = 257B85672834007C00C074F2 /* SignupViewController.swift */; };
		257B856A283492CB00C074F2 /* HomeTabBarController.swift in Sources */ = {isa = PBXBuildFile; fileRef = 257B8569283492CA00C074F2 /* HomeTabBarController.swift */; };
		2581A50628224C7E00B4CDAA /* MulticastDelegate.swift in Sources */ = {isa = PBXBuildFile; fileRef = 2581A50528224C7E00B4CDAA /* MulticastDelegate.swift */; };
		2581A5082822675D00B4CDAA /* AddMyPromptViewController.swift in Sources */ = {isa = PBXBuildFile; fileRef = 2581A5072822675D00B4CDAA /* AddMyPromptViewController.swift */; };
		2581A50A2822692600B4CDAA /* MyPromptsTableViewController.swift in Sources */ = {isa = PBXBuildFile; fileRef = 2581A5092822692600B4CDAA /* MyPromptsTableViewController.swift */; };
		258F08F828069CCB00B3EA22 /* AppDelegate.swift in Sources */ = {isa = PBXBuildFile; fileRef = 258F08F728069CCB00B3EA22 /* AppDelegate.swift */; };
		258F08FA28069CCB00B3EA22 /* SceneDelegate.swift in Sources */ = {isa = PBXBuildFile; fileRef = 258F08F928069CCB00B3EA22 /* SceneDelegate.swift */; };
		258F08FF28069CCB00B3EA22 /* Main.storyboard in Resources */ = {isa = PBXBuildFile; fileRef = 258F08FD28069CCB00B3EA22 /* Main.storyboard */; };
		258F090128069CCD00B3EA22 /* Assets.xcassets in Resources */ = {isa = PBXBuildFile; fileRef = 258F090028069CCD00B3EA22 /* Assets.xcassets */; };
		258F090428069CCD00B3EA22 /* LaunchScreen.storyboard in Resources */ = {isa = PBXBuildFile; fileRef = 258F090228069CCD00B3EA22 /* LaunchScreen.storyboard */; };
		25D1B6A32816DBB900366282 /* SwiftSoup in Frameworks */ = {isa = PBXBuildFile; productRef = 25D1B6A22816DBB900366282 /* SwiftSoup */; };
		25D522A928111A8800FBA299 /* HomeScreenViewController.swift in Sources */ = {isa = PBXBuildFile; fileRef = 25D522A828111A8800FBA299 /* HomeScreenViewController.swift */; };
		25D522AB28111B5600FBA299 /* DraftsViewController.swift in Sources */ = {isa = PBXBuildFile; fileRef = 25D522AA28111B5600FBA299 /* DraftsViewController.swift */; };
		25D522AD2813D17900FBA299 /* VisualPromptData.swift in Sources */ = {isa = PBXBuildFile; fileRef = 25D522AC2813D17900FBA299 /* VisualPromptData.swift */; };
		25D522AF2813D1FE00FBA299 /* WrittenPromptData.swift in Sources */ = {isa = PBXBuildFile; fileRef = 25D522AE2813D1FE00FBA299 /* WrittenPromptData.swift */; };
		25FDA51C282A8C04000FD526 /* FavouritePromptsTableViewController.swift in Sources */ = {isa = PBXBuildFile; fileRef = 25FDA51B282A8C04000FD526 /* FavouritePromptsTableViewController.swift */; };
/* End PBXBuildFile section */

/* Begin PBXFileReference section */
		251D15D028190DAF00F41785 /* GoogleService-Info.plist */ = {isa = PBXFileReference; fileEncoding = 4; lastKnownFileType = text.plist.xml; path = "GoogleService-Info.plist"; sourceTree = "<group>"; };
		256CA0A328221B9C00B1B847 /* DatabaseProtocol.swift */ = {isa = PBXFileReference; lastKnownFileType = sourcecode.swift; path = DatabaseProtocol.swift; sourceTree = "<group>"; };
		256CA0A528221BC000B1B847 /* FirebaseController.swift */ = {isa = PBXFileReference; lastKnownFileType = sourcecode.swift; path = FirebaseController.swift; sourceTree = "<group>"; };
		256CA0A72822375300B1B847 /* MyPrompt.swift */ = {isa = PBXFileReference; lastKnownFileType = sourcecode.swift; path = MyPrompt.swift; sourceTree = "<group>"; };
		256CA0A928223AF300B1B847 /* FavouritePrompt.swift */ = {isa = PBXFileReference; lastKnownFileType = sourcecode.swift; path = FavouritePrompt.swift; sourceTree = "<group>"; };
		256CA0AB28223B8D00B1B847 /* Story.swift */ = {isa = PBXFileReference; lastKnownFileType = sourcecode.swift; path = Story.swift; sourceTree = "<group>"; };
		257B85632834005700C074F2 /* WelcomeScreenViewController.swift */ = {isa = PBXFileReference; lastKnownFileType = sourcecode.swift; path = WelcomeScreenViewController.swift; sourceTree = "<group>"; };
		257B85652834006900C074F2 /* LoginViewController.swift */ = {isa = PBXFileReference; lastKnownFileType = sourcecode.swift; path = LoginViewController.swift; sourceTree = "<group>"; };
		257B85672834007C00C074F2 /* SignupViewController.swift */ = {isa = PBXFileReference; lastKnownFileType = sourcecode.swift; path = SignupViewController.swift; sourceTree = "<group>"; };
		257B8569283492CA00C074F2 /* HomeTabBarController.swift */ = {isa = PBXFileReference; lastKnownFileType = sourcecode.swift; path = HomeTabBarController.swift; sourceTree = "<group>"; };
		2581A50528224C7E00B4CDAA /* MulticastDelegate.swift */ = {isa = PBXFileReference; lastKnownFileType = sourcecode.swift; path = MulticastDelegate.swift; sourceTree = "<group>"; };
		2581A5072822675D00B4CDAA /* AddMyPromptViewController.swift */ = {isa = PBXFileReference; lastKnownFileType = sourcecode.swift; name = AddMyPromptViewController.swift; path = Database/AddMyPromptViewController.swift; sourceTree = "<group>"; };
		2581A5092822692600B4CDAA /* MyPromptsTableViewController.swift */ = {isa = PBXFileReference; lastKnownFileType = sourcecode.swift; path = MyPromptsTableViewController.swift; sourceTree = "<group>"; };
		258F08F428069CCB00B3EA22 /* FIT3178 Assignment.app */ = {isa = PBXFileReference; explicitFileType = wrapper.application; includeInIndex = 0; path = "FIT3178 Assignment.app"; sourceTree = BUILT_PRODUCTS_DIR; };
		258F08F728069CCB00B3EA22 /* AppDelegate.swift */ = {isa = PBXFileReference; lastKnownFileType = sourcecode.swift; path = AppDelegate.swift; sourceTree = "<group>"; };
		258F08F928069CCB00B3EA22 /* SceneDelegate.swift */ = {isa = PBXFileReference; lastKnownFileType = sourcecode.swift; path = SceneDelegate.swift; sourceTree = "<group>"; };
		258F08FE28069CCB00B3EA22 /* Base */ = {isa = PBXFileReference; lastKnownFileType = file.storyboard; name = Base; path = Base.lproj/Main.storyboard; sourceTree = "<group>"; };
		258F090028069CCD00B3EA22 /* Assets.xcassets */ = {isa = PBXFileReference; lastKnownFileType = folder.assetcatalog; path = Assets.xcassets; sourceTree = "<group>"; };
		258F090328069CCD00B3EA22 /* Base */ = {isa = PBXFileReference; lastKnownFileType = file.storyboard; name = Base; path = Base.lproj/LaunchScreen.storyboard; sourceTree = "<group>"; };
		258F090528069CCD00B3EA22 /* Info.plist */ = {isa = PBXFileReference; lastKnownFileType = text.plist.xml; path = Info.plist; sourceTree = "<group>"; };
		25D522A828111A8800FBA299 /* HomeScreenViewController.swift */ = {isa = PBXFileReference; lastKnownFileType = sourcecode.swift; path = HomeScreenViewController.swift; sourceTree = "<group>"; };
		25D522AA28111B5600FBA299 /* DraftsViewController.swift */ = {isa = PBXFileReference; lastKnownFileType = sourcecode.swift; path = DraftsViewController.swift; sourceTree = "<group>"; };
		25D522AC2813D17900FBA299 /* VisualPromptData.swift */ = {isa = PBXFileReference; lastKnownFileType = sourcecode.swift; path = VisualPromptData.swift; sourceTree = "<group>"; };
		25D522AE2813D1FE00FBA299 /* WrittenPromptData.swift */ = {isa = PBXFileReference; lastKnownFileType = sourcecode.swift; path = WrittenPromptData.swift; sourceTree = "<group>"; };
		25FDA51B282A8C04000FD526 /* FavouritePromptsTableViewController.swift */ = {isa = PBXFileReference; lastKnownFileType = sourcecode.swift; path = FavouritePromptsTableViewController.swift; sourceTree = "<group>"; };
/* End PBXFileReference section */

/* Begin PBXFrameworksBuildPhase section */
		258F08F128069CCB00B3EA22 /* Frameworks */ = {
			isa = PBXFrameworksBuildPhase;
			buildActionMask = 2147483647;
			files = (
				25D1B6A32816DBB900366282 /* SwiftSoup in Frameworks */,
				256CA0A12822193900B1B847 /* FirebaseFirestoreSwift-Beta in Frameworks */,
				256CA09D2822193900B1B847 /* FirebaseAuth in Frameworks */,
				256CA09F2822193900B1B847 /* FirebaseFirestore in Frameworks */,
			);
			runOnlyForDeploymentPostprocessing = 0;
		};
/* End PBXFrameworksBuildPhase section */

/* Begin PBXGroup section */
		256CA0A228221B6400B1B847 /* Database */ = {
			isa = PBXGroup;
			children = (
				256CA0A328221B9C00B1B847 /* DatabaseProtocol.swift */,
				256CA0A528221BC000B1B847 /* FirebaseController.swift */,
				2581A50528224C7E00B4CDAA /* MulticastDelegate.swift */,
			);
			path = Database;
			sourceTree = "<group>";
		};
		258F08EB28069CCB00B3EA22 = {
			isa = PBXGroup;
			children = (
				258F08F628069CCB00B3EA22 /* FIT3178 Assignment */,
				258F08F528069CCB00B3EA22 /* Products */,
			);
			sourceTree = "<group>";
		};
		258F08F528069CCB00B3EA22 /* Products */ = {
			isa = PBXGroup;
			children = (
				258F08F428069CCB00B3EA22 /* FIT3178 Assignment.app */,
			);
			name = Products;
			sourceTree = "<group>";
		};
		258F08F628069CCB00B3EA22 /* FIT3178 Assignment */ = {
			isa = PBXGroup;
			children = (
				256CA0A228221B6400B1B847 /* Database */,
				258F08F728069CCB00B3EA22 /* AppDelegate.swift */,
				258F08F928069CCB00B3EA22 /* SceneDelegate.swift */,
				25D522A828111A8800FBA299 /* HomeScreenViewController.swift */,
				25D522AA28111B5600FBA299 /* DraftsViewController.swift */,
				258F08FD28069CCB00B3EA22 /* Main.storyboard */,
				258F090028069CCD00B3EA22 /* Assets.xcassets */,
				258F090228069CCD00B3EA22 /* LaunchScreen.storyboard */,
				258F090528069CCD00B3EA22 /* Info.plist */,
				25D522AC2813D17900FBA299 /* VisualPromptData.swift */,
				25D522AE2813D1FE00FBA299 /* WrittenPromptData.swift */,
				2581A5072822675D00B4CDAA /* AddMyPromptViewController.swift */,
				251D15D028190DAF00F41785 /* GoogleService-Info.plist */,
				256CA0A72822375300B1B847 /* MyPrompt.swift */,
				256CA0A928223AF300B1B847 /* FavouritePrompt.swift */,
				256CA0AB28223B8D00B1B847 /* Story.swift */,
				2581A5092822692600B4CDAA /* MyPromptsTableViewController.swift */,
				25FDA51B282A8C04000FD526 /* FavouritePromptsTableViewController.swift */,
				257B85632834005700C074F2 /* WelcomeScreenViewController.swift */,
				257B85652834006900C074F2 /* LoginViewController.swift */,
				257B85672834007C00C074F2 /* SignupViewController.swift */,
				257B8569283492CA00C074F2 /* HomeTabBarController.swift */,
			);
			path = "FIT3178 Assignment";
			sourceTree = "<group>";
		};
/* End PBXGroup section */

/* Begin PBXNativeTarget section */
		258F08F328069CCB00B3EA22 /* FIT3178 Assignment */ = {
			isa = PBXNativeTarget;
			buildConfigurationList = 258F090828069CCD00B3EA22 /* Build configuration list for PBXNativeTarget "FIT3178 Assignment" */;
			buildPhases = (
				258F08F028069CCB00B3EA22 /* Sources */,
				258F08F128069CCB00B3EA22 /* Frameworks */,
				258F08F228069CCB00B3EA22 /* Resources */,
			);
			buildRules = (
			);
			dependencies = (
			);
			name = "FIT3178 Assignment";
			packageProductDependencies = (
				25D1B6A22816DBB900366282 /* SwiftSoup */,
				256CA09C2822193900B1B847 /* FirebaseAuth */,
				256CA09E2822193900B1B847 /* FirebaseFirestore */,
				256CA0A02822193900B1B847 /* FirebaseFirestoreSwift-Beta */,
			);
			productName = "FIT3178 Assignment";
			productReference = 258F08F428069CCB00B3EA22 /* FIT3178 Assignment.app */;
			productType = "com.apple.product-type.application";
		};
/* End PBXNativeTarget section */

/* Begin PBXProject section */
		258F08EC28069CCB00B3EA22 /* Project object */ = {
			isa = PBXProject;
			attributes = {
				BuildIndependentTargetsInParallel = 1;
				LastSwiftUpdateCheck = 1320;
				LastUpgradeCheck = 1320;
				TargetAttributes = {
					258F08F328069CCB00B3EA22 = {
						CreatedOnToolsVersion = 13.2.1;
					};
				};
			};
			buildConfigurationList = 258F08EF28069CCB00B3EA22 /* Build configuration list for PBXProject "FIT3178 Assignment" */;
			compatibilityVersion = "Xcode 13.0";
			developmentRegion = en;
			hasScannedForEncodings = 0;
			knownRegions = (
				en,
				Base,
			);
			mainGroup = 258F08EB28069CCB00B3EA22;
			packageReferences = (
				25D1B6A12816DBB900366282 /* XCRemoteSwiftPackageReference "SwiftSoup" */,
				256CA09B2822193800B1B847 /* XCRemoteSwiftPackageReference "firebase-ios-sdk" */,
			);
			productRefGroup = 258F08F528069CCB00B3EA22 /* Products */;
			projectDirPath = "";
			projectRoot = "";
			targets = (
				258F08F328069CCB00B3EA22 /* FIT3178 Assignment */,
			);
		};
/* End PBXProject section */

/* Begin PBXResourcesBuildPhase section */
		258F08F228069CCB00B3EA22 /* Resources */ = {
			isa = PBXResourcesBuildPhase;
			buildActionMask = 2147483647;
			files = (
				258F090428069CCD00B3EA22 /* LaunchScreen.storyboard in Resources */,
				251D15D128190DAF00F41785 /* GoogleService-Info.plist in Resources */,
				258F090128069CCD00B3EA22 /* Assets.xcassets in Resources */,
				258F08FF28069CCB00B3EA22 /* Main.storyboard in Resources */,
			);
			runOnlyForDeploymentPostprocessing = 0;
		};
/* End PBXResourcesBuildPhase section */

/* Begin PBXSourcesBuildPhase section */
		258F08F028069CCB00B3EA22 /* Sources */ = {
			isa = PBXSourcesBuildPhase;
			buildActionMask = 2147483647;
			files = (
				257B85682834007C00C074F2 /* SignupViewController.swift in Sources */,
				25FDA51C282A8C04000FD526 /* FavouritePromptsTableViewController.swift in Sources */,
				257B856A283492CB00C074F2 /* HomeTabBarController.swift in Sources */,
				256CA0A628221BC000B1B847 /* FirebaseController.swift in Sources */,
				256CA0A82822375400B1B847 /* MyPrompt.swift in Sources */,
				256CA0AA28223AF300B1B847 /* FavouritePrompt.swift in Sources */,
				25D522AB28111B5600FBA299 /* DraftsViewController.swift in Sources */,
				257B85642834005700C074F2 /* WelcomeScreenViewController.swift in Sources */,
				2581A50A2822692600B4CDAA /* MyPromptsTableViewController.swift in Sources */,
				25D522AD2813D17900FBA299 /* VisualPromptData.swift in Sources */,
				258F08F828069CCB00B3EA22 /* AppDelegate.swift in Sources */,
				2581A5082822675D00B4CDAA /* AddMyPromptViewController.swift in Sources */,
				258F08FA28069CCB00B3EA22 /* SceneDelegate.swift in Sources */,
				256CA0AC28223B8D00B1B847 /* Story.swift in Sources */,
				2581A50628224C7E00B4CDAA /* MulticastDelegate.swift in Sources */,
				257B85662834006900C074F2 /* LoginViewController.swift in Sources */,
				25D522A928111A8800FBA299 /* HomeScreenViewController.swift in Sources */,
				25D522AF2813D1FE00FBA299 /* WrittenPromptData.swift in Sources */,
				256CA0A428221B9C00B1B847 /* DatabaseProtocol.swift in Sources */,
			);
			runOnlyForDeploymentPostprocessing = 0;
		};
/* End PBXSourcesBuildPhase section */

/* Begin PBXVariantGroup section */
		258F08FD28069CCB00B3EA22 /* Main.storyboard */ = {
			isa = PBXVariantGroup;
			children = (
				258F08FE28069CCB00B3EA22 /* Base */,
			);
			name = Main.storyboard;
			sourceTree = "<group>";
		};
		258F090228069CCD00B3EA22 /* LaunchScreen.storyboard */ = {
			isa = PBXVariantGroup;
			children = (
				258F090328069CCD00B3EA22 /* Base */,
			);
			name = LaunchScreen.storyboard;
			sourceTree = "<group>";
		};
/* End PBXVariantGroup section */

/* Begin XCBuildConfiguration section */
		258F090628069CCD00B3EA22 /* Debug */ = {
			isa = XCBuildConfiguration;
			buildSettings = {
				ALWAYS_SEARCH_USER_PATHS = NO;
				CLANG_ANALYZER_NONNULL = YES;
				CLANG_ANALYZER_NUMBER_OBJECT_CONVERSION = YES_AGGRESSIVE;
				CLANG_CXX_LANGUAGE_STANDARD = "gnu++17";
				CLANG_CXX_LIBRARY = "libc++";
				CLANG_ENABLE_MODULES = YES;
				CLANG_ENABLE_OBJC_ARC = YES;
				CLANG_ENABLE_OBJC_WEAK = YES;
				CLANG_WARN_BLOCK_CAPTURE_AUTORELEASING = YES;
				CLANG_WARN_BOOL_CONVERSION = YES;
				CLANG_WARN_COMMA = YES;
				CLANG_WARN_CONSTANT_CONVERSION = YES;
				CLANG_WARN_DEPRECATED_OBJC_IMPLEMENTATIONS = YES;
				CLANG_WARN_DIRECT_OBJC_ISA_USAGE = YES_ERROR;
				CLANG_WARN_DOCUMENTATION_COMMENTS = YES;
				CLANG_WARN_EMPTY_BODY = YES;
				CLANG_WARN_ENUM_CONVERSION = YES;
				CLANG_WARN_INFINITE_RECURSION = YES;
				CLANG_WARN_INT_CONVERSION = YES;
				CLANG_WARN_NON_LITERAL_NULL_CONVERSION = YES;
				CLANG_WARN_OBJC_IMPLICIT_RETAIN_SELF = YES;
				CLANG_WARN_OBJC_LITERAL_CONVERSION = YES;
				CLANG_WARN_OBJC_ROOT_CLASS = YES_ERROR;
				CLANG_WARN_QUOTED_INCLUDE_IN_FRAMEWORK_HEADER = YES;
				CLANG_WARN_RANGE_LOOP_ANALYSIS = YES;
				CLANG_WARN_STRICT_PROTOTYPES = YES;
				CLANG_WARN_SUSPICIOUS_MOVE = YES;
				CLANG_WARN_UNGUARDED_AVAILABILITY = YES_AGGRESSIVE;
				CLANG_WARN_UNREACHABLE_CODE = YES;
				CLANG_WARN__DUPLICATE_METHOD_MATCH = YES;
				COPY_PHASE_STRIP = NO;
				DEBUG_INFORMATION_FORMAT = dwarf;
				ENABLE_STRICT_OBJC_MSGSEND = YES;
				ENABLE_TESTABILITY = YES;
				GCC_C_LANGUAGE_STANDARD = gnu11;
				GCC_DYNAMIC_NO_PIC = NO;
				GCC_NO_COMMON_BLOCKS = YES;
				GCC_OPTIMIZATION_LEVEL = 0;
				GCC_PREPROCESSOR_DEFINITIONS = (
					"DEBUG=1",
					"$(inherited)",
				);
				GCC_WARN_64_TO_32_BIT_CONVERSION = YES;
				GCC_WARN_ABOUT_RETURN_TYPE = YES_ERROR;
				GCC_WARN_UNDECLARED_SELECTOR = YES;
				GCC_WARN_UNINITIALIZED_AUTOS = YES_AGGRESSIVE;
				GCC_WARN_UNUSED_FUNCTION = YES;
				GCC_WARN_UNUSED_VARIABLE = YES;
				IPHONEOS_DEPLOYMENT_TARGET = 15.2;
				MTL_ENABLE_DEBUG_INFO = INCLUDE_SOURCE;
				MTL_FAST_MATH = YES;
				ONLY_ACTIVE_ARCH = YES;
				SDKROOT = iphoneos;
				SWIFT_ACTIVE_COMPILATION_CONDITIONS = DEBUG;
				SWIFT_OPTIMIZATION_LEVEL = "-Onone";
			};
			name = Debug;
		};
		258F090728069CCD00B3EA22 /* Release */ = {
			isa = XCBuildConfiguration;
			buildSettings = {
				ALWAYS_SEARCH_USER_PATHS = NO;
				CLANG_ANALYZER_NONNULL = YES;
				CLANG_ANALYZER_NUMBER_OBJECT_CONVERSION = YES_AGGRESSIVE;
				CLANG_CXX_LANGUAGE_STANDARD = "gnu++17";
				CLANG_CXX_LIBRARY = "libc++";
				CLANG_ENABLE_MODULES = YES;
				CLANG_ENABLE_OBJC_ARC = YES;
				CLANG_ENABLE_OBJC_WEAK = YES;
				CLANG_WARN_BLOCK_CAPTURE_AUTORELEASING = YES;
				CLANG_WARN_BOOL_CONVERSION = YES;
				CLANG_WARN_COMMA = YES;
				CLANG_WARN_CONSTANT_CONVERSION = YES;
				CLANG_WARN_DEPRECATED_OBJC_IMPLEMENTATIONS = YES;
				CLANG_WARN_DIRECT_OBJC_ISA_USAGE = YES_ERROR;
				CLANG_WARN_DOCUMENTATION_COMMENTS = YES;
				CLANG_WARN_EMPTY_BODY = YES;
				CLANG_WARN_ENUM_CONVERSION = YES;
				CLANG_WARN_INFINITE_RECURSION = YES;
				CLANG_WARN_INT_CONVERSION = YES;
				CLANG_WARN_NON_LITERAL_NULL_CONVERSION = YES;
				CLANG_WARN_OBJC_IMPLICIT_RETAIN_SELF = YES;
				CLANG_WARN_OBJC_LITERAL_CONVERSION = YES;
				CLANG_WARN_OBJC_ROOT_CLASS = YES_ERROR;
				CLANG_WARN_QUOTED_INCLUDE_IN_FRAMEWORK_HEADER = YES;
				CLANG_WARN_RANGE_LOOP_ANALYSIS = YES;
				CLANG_WARN_STRICT_PROTOTYPES = YES;
				CLANG_WARN_SUSPICIOUS_MOVE = YES;
				CLANG_WARN_UNGUARDED_AVAILABILITY = YES_AGGRESSIVE;
				CLANG_WARN_UNREACHABLE_CODE = YES;
				CLANG_WARN__DUPLICATE_METHOD_MATCH = YES;
				COPY_PHASE_STRIP = NO;
				DEBUG_INFORMATION_FORMAT = "dwarf-with-dsym";
				ENABLE_NS_ASSERTIONS = NO;
				ENABLE_STRICT_OBJC_MSGSEND = YES;
				GCC_C_LANGUAGE_STANDARD = gnu11;
				GCC_NO_COMMON_BLOCKS = YES;
				GCC_WARN_64_TO_32_BIT_CONVERSION = YES;
				GCC_WARN_ABOUT_RETURN_TYPE = YES_ERROR;
				GCC_WARN_UNDECLARED_SELECTOR = YES;
				GCC_WARN_UNINITIALIZED_AUTOS = YES_AGGRESSIVE;
				GCC_WARN_UNUSED_FUNCTION = YES;
				GCC_WARN_UNUSED_VARIABLE = YES;
				IPHONEOS_DEPLOYMENT_TARGET = 15.2;
				MTL_ENABLE_DEBUG_INFO = NO;
				MTL_FAST_MATH = YES;
				SDKROOT = iphoneos;
				SWIFT_COMPILATION_MODE = wholemodule;
				SWIFT_OPTIMIZATION_LEVEL = "-O";
				VALIDATE_PRODUCT = YES;
			};
			name = Release;
		};
		258F090928069CCD00B3EA22 /* Debug */ = {
			isa = XCBuildConfiguration;
			buildSettings = {
				ASSETCATALOG_COMPILER_APPICON_NAME = AppIcon;
				ASSETCATALOG_COMPILER_GLOBAL_ACCENT_COLOR_NAME = AccentColor;
				CODE_SIGN_STYLE = Automatic;
				CURRENT_PROJECT_VERSION = 1;
				GENERATE_INFOPLIST_FILE = YES;
				INFOPLIST_FILE = "FIT3178 Assignment/Info.plist";
				INFOPLIST_KEY_UIApplicationSupportsIndirectInputEvents = YES;
				INFOPLIST_KEY_UILaunchStoryboardName = LaunchScreen;
				INFOPLIST_KEY_UIMainStoryboardFile = Main;
				INFOPLIST_KEY_UISupportedInterfaceOrientations_iPad = "UIInterfaceOrientationPortrait UIInterfaceOrientationPortraitUpsideDown UIInterfaceOrientationLandscapeLeft UIInterfaceOrientationLandscapeRight";
				INFOPLIST_KEY_UISupportedInterfaceOrientations_iPhone = "UIInterfaceOrientationPortrait UIInterfaceOrientationLandscapeLeft UIInterfaceOrientationLandscapeRight";
				LD_RUNPATH_SEARCH_PATHS = (
					"$(inherited)",
					"@executable_path/Frameworks",
				);
				MARKETING_VERSION = 1.0;
				PRODUCT_BUNDLE_IDENTIFIER = "edu.monash.FIT3178-Assignment";
				PRODUCT_NAME = "$(TARGET_NAME)";
				SWIFT_EMIT_LOC_STRINGS = YES;
				SWIFT_VERSION = 5.0;
				TARGETED_DEVICE_FAMILY = "1,2";
			};
			name = Debug;
		};
		258F090A28069CCD00B3EA22 /* Release */ = {
			isa = XCBuildConfiguration;
			buildSettings = {
				ASSETCATALOG_COMPILER_APPICON_NAME = AppIcon;
				ASSETCATALOG_COMPILER_GLOBAL_ACCENT_COLOR_NAME = AccentColor;
				CODE_SIGN_STYLE = Automatic;
				CURRENT_PROJECT_VERSION = 1;
				GENERATE_INFOPLIST_FILE = YES;
				INFOPLIST_FILE = "FIT3178 Assignment/Info.plist";
				INFOPLIST_KEY_UIApplicationSupportsIndirectInputEvents = YES;
				INFOPLIST_KEY_UILaunchStoryboardName = LaunchScreen;
				INFOPLIST_KEY_UIMainStoryboardFile = Main;
				INFOPLIST_KEY_UISupportedInterfaceOrientations_iPad = "UIInterfaceOrientationPortrait UIInterfaceOrientationPortraitUpsideDown UIInterfaceOrientationLandscapeLeft UIInterfaceOrientationLandscapeRight";
				INFOPLIST_KEY_UISupportedInterfaceOrientations_iPhone = "UIInterfaceOrientationPortrait UIInterfaceOrientationLandscapeLeft UIInterfaceOrientationLandscapeRight";
				LD_RUNPATH_SEARCH_PATHS = (
					"$(inherited)",
					"@executable_path/Frameworks",
				);
				MARKETING_VERSION = 1.0;
				PRODUCT_BUNDLE_IDENTIFIER = "edu.monash.FIT3178-Assignment";
				PRODUCT_NAME = "$(TARGET_NAME)";
				SWIFT_EMIT_LOC_STRINGS = YES;
				SWIFT_VERSION = 5.0;
				TARGETED_DEVICE_FAMILY = "1,2";
			};
			name = Release;
		};
/* End XCBuildConfiguration section */

/* Begin XCConfigurationList section */
		258F08EF28069CCB00B3EA22 /* Build configuration list for PBXProject "FIT3178 Assignment" */ = {
			isa = XCConfigurationList;
			buildConfigurations = (
				258F090628069CCD00B3EA22 /* Debug */,
				258F090728069CCD00B3EA22 /* Release */,
			);
			defaultConfigurationIsVisible = 0;
			defaultConfigurationName = Release;
		};
		258F090828069CCD00B3EA22 /* Build configuration list for PBXNativeTarget "FIT3178 Assignment" */ = {
			isa = XCConfigurationList;
			buildConfigurations = (
				258F090928069CCD00B3EA22 /* Debug */,
				258F090A28069CCD00B3EA22 /* Release */,
			);
			defaultConfigurationIsVisible = 0;
			defaultConfigurationName = Release;
		};
/* End XCConfigurationList section */

/* Begin XCRemoteSwiftPackageReference section */
		256CA09B2822193800B1B847 /* XCRemoteSwiftPackageReference "firebase-ios-sdk" */ = {
			isa = XCRemoteSwiftPackageReference;
			repositoryURL = "https://github.com/firebase/firebase-ios-sdk.git";
			requirement = {
				kind = upToNextMajorVersion;
				minimumVersion = 8.0.0;
			};
		};
		25D1B6A12816DBB900366282 /* XCRemoteSwiftPackageReference "SwiftSoup" */ = {
			isa = XCRemoteSwiftPackageReference;
			repositoryURL = "https://github.com/scinfu/SwiftSoup";
			requirement = {
				kind = upToNextMajorVersion;
				minimumVersion = 2.0.0;
			};
		};
/* End XCRemoteSwiftPackageReference section */

/* Begin XCSwiftPackageProductDependency section */
		256CA09C2822193900B1B847 /* FirebaseAuth */ = {
			isa = XCSwiftPackageProductDependency;
			package = 256CA09B2822193800B1B847 /* XCRemoteSwiftPackageReference "firebase-ios-sdk" */;
			productName = FirebaseAuth;
		};
		256CA09E2822193900B1B847 /* FirebaseFirestore */ = {
			isa = XCSwiftPackageProductDependency;
			package = 256CA09B2822193800B1B847 /* XCRemoteSwiftPackageReference "firebase-ios-sdk" */;
			productName = FirebaseFirestore;
		};
		256CA0A02822193900B1B847 /* FirebaseFirestoreSwift-Beta */ = {
			isa = XCSwiftPackageProductDependency;
			package = 256CA09B2822193800B1B847 /* XCRemoteSwiftPackageReference "firebase-ios-sdk" */;
			productName = "FirebaseFirestoreSwift-Beta";
		};
		25D1B6A22816DBB900366282 /* SwiftSoup */ = {
			isa = XCSwiftPackageProductDependency;
			package = 25D1B6A12816DBB900366282 /* XCRemoteSwiftPackageReference "SwiftSoup" */;
			productName = SwiftSoup;
		};
/* End XCSwiftPackageProductDependency section */
	};
	rootObject = 258F08EC28069CCB00B3EA22 /* Project object */;
}
